
Microsoft Visual Studio Solution File, Format Version 12.00
# Visual Studio Version 16
VisualStudioVersion = 16.0.28803.202
MinimumVisualStudioVersion = 10.0.40219.1
Project("{FAE04EC0-301F-11D3-BF4B-00C04F79EFBC}") = "TuToTe", "TuToTe\TuToTe.csproj", "{69485BEF-6679-4774-9773-479E399301B7}"
EndProject
Global
	GlobalSection(SolutionConfigurationPlatforms) = preSolution
		Debug|Any CPU = Debug|Any CPU
		Release|Any CPU = Release|Any CPU
	EndGlobalSection
	GlobalSection(ProjectConfigurationPlatforms) = postSolution
		{69485BEF-6679-4774-9773-479E399301B7}.Debug|Any CPU.ActiveCfg = Debug|Any CPU
		{69485BEF-6679-4774-9773-479E399301B7}.Debug|Any CPU.Build.0 = Debug|Any CPU
		{69485BEF-6679-4774-9773-479E399301B7}.Release|Any CPU.ActiveCfg = Release|Any CPU
		{69485BEF-6679-4774-9773-479E399301B7}.Release|Any CPU.Build.0 = Release|Any CPU
	EndGlobalSection
	GlobalSection(SolutionProperties) = preSolution
		HideSolutionNode = FALSE
	EndGlobalSection
	GlobalSection(ExtensibilityGlobals) = postSolution
		SolutionGuid = {956AF5A5-809C-4F42-A86F-2B1037CE5C3F}
	EndGlobalSection
EndGlobal
